
Microsoft Visual Studio Solution File, Format Version 12.00
# Visual Studio Version 16
VisualStudioVersion = 16.0.30002.166
MinimumVisualStudioVersion = 10.0.40219.1
Project("{8BC9CEB8-8B4A-11D0-8D11-00A0C91BC942}") = "Structury", "Structury\Structury.vcxproj", "{F716C959-09B7-416E-A0E0-B493F201259B}"
EndProject
Global
	GlobalSection(SolutionConfigurationPlatforms) = preSolution
		Debug|x64 = Debug|x64
		Debug|x86 = Debug|x86
		Release|x64 = Release|x64
		Release|x86 = Release|x86
	EndGlobalSection
	GlobalSection(ProjectConfigurationPlatforms) = postSolution
		{F716C959-09B7-416E-A0E0-B493F201259B}.Debug|x64.ActiveCfg = Debug|x64
		{F716C959-09B7-416E-A0E0-B493F201259B}.Debug|x64.Build.0 = Debug|x64
		{F716C959-09B7-416E-A0E0-B493F201259B}.Debug|x86.ActiveCfg = Debug|Win32
		{F716C959-09B7-416E-A0E0-B493F201259B}.Debug|x86.Build.0 = Debug|Win32
		{F716C959-09B7-416E-A0E0-B493F201259B}.Release|x64.ActiveCfg = Release|x64
		{F716C959-09B7-416E-A0E0-B493F201259B}.Release|x64.Build.0 = Release|x64
		{F716C959-09B7-416E-A0E0-B493F201259B}.Release|x86.ActiveCfg = Release|Win32
		{F716C959-09B7-416E-A0E0-B493F201259B}.Release|x86.Build.0 = Release|Win32
	EndGlobalSection
	GlobalSection(SolutionProperties) = preSolution
		HideSolutionNode = FALSE
	EndGlobalSection
	GlobalSection(ExtensibilityGlobals) = postSolution
		SolutionGuid = {1F26B6BE-3EE0-4885-A116-172B79480710}
	EndGlobalSection
EndGlobal
